dependencies:
- name: argo-workflows
  repository: https://argoproj.github.io/argo-helm
  version: 0.45.1
- name: core
  repository: https://scc-digitalhub.github.io/digitalhub/
  version: 0.3.37
- name: docker-registry
  repository: https://twuni.github.io/docker-registry.helm
  version: 2.3.0
- name: seaweedfs
  repository: https://seaweedfs.github.io/seaweedfs/helm
  version: 4.0.393
- name: postgres-operator
  repository: https://opensource.zalando.com/postgres-operator/charts/postgres-operator
  version: 1.11.0
- name: template-controller
  repository: https://kluctl.github.io/charts
  version: 0.2.5
- name: kubeai
  repository: https://www.kubeai.org
  version: 0.22.1
digest: sha256:4ff9044ee25656633b34da587033d347e70168ce7244deae52a27ddab30ddf88
generated: "2025-12-11T14:05:22.125706359+01:00"
